
Microsoft Visual Studio Solution File, Format Version 12.00
# Visual Studio 15
VisualStudioVersion = 15.0.28307.645
MinimumVisualStudioVersion = 10.0.40219.1
Project("{8BC9CEB8-8B4A-11D0-8D11-00A0C91BC942}") = "Arkanoid", "Arkanoid\Arkanoid.vcxproj", "{F04FD99A-BB6D-41A7-B9D3-4A32E31C4DED}"
EndProject
Global
	GlobalSection(SolutionConfigurationPlatforms) = preSolution
		Debug|x64 = Debug|x64
		Debug|x86 = Debug|x86
		Release|x64 = Release|x64
		Release|x86 = Release|x86
	EndGlobalSection
	GlobalSection(ProjectConfigurationPlatforms) = postSolution
		{F04FD99A-BB6D-41A7-B9D3-4A32E31C4DED}.Debug|x64.ActiveCfg = Debug|x64
		{F04FD99A-BB6D-41A7-B9D3-4A32E31C4DED}.Debug|x64.Build.0 = Debug|x64
		{F04FD99A-BB6D-41A7-B9D3-4A32E31C4DED}.Debug|x86.ActiveCfg = Debug|Win32
		{F04FD99A-BB6D-41A7-B9D3-4A32E31C4DED}.Debug|x86.Build.0 = Debug|Win32
		{F04FD99A-BB6D-41A7-B9D3-4A32E31C4DED}.Release|x64.ActiveCfg = Release|x64
		{F04FD99A-BB6D-41A7-B9D3-4A32E31C4DED}.Release|x64.Build.0 = Release|x64
		{F04FD99A-BB6D-41A7-B9D3-4A32E31C4DED}.Release|x86.ActiveCfg = Release|Win32
		{F04FD99A-BB6D-41A7-B9D3-4A32E31C4DED}.Release|x86.Build.0 = Release|Win32
	EndGlobalSection
	GlobalSection(SolutionProperties) = preSolution
		HideSolutionNode = FALSE
	EndGlobalSection
	GlobalSection(ExtensibilityGlobals) = postSolution
		SolutionGuid = {19849D5D-846E-446F-B717-D979D18F5309}
	EndGlobalSection
EndGlobal
